// !$*UTF8*$!
{
	archiveVersion = 1;
	classes = {
	};
	objectVersion = 55;
	objects = {

/* Begin PBXBuildFile section */
		1A094AF1281A40B300E69DF4 /* KalkulaShoppingApp.swift in Sources */ = {isa = PBXBuildFile; fileRef = 1A094AF0281A40B300E69DF4 /* KalkulaShoppingApp.swift */; };
		1A094AF3281A40B300E69DF4 /* HomeView.swift in Sources */ = {isa = PBXBuildFile; fileRef = 1A094AF2281A40B300E69DF4 /* HomeView.swift */; };
		1A094AF5281A40B400E69DF4 /* Assets.xcassets in Resources */ = {isa = PBXBuildFile; fileRef = 1A094AF4281A40B400E69DF4 /* Assets.xcassets */; };
		1A094AF8281A40B400E69DF4 /* Preview Assets.xcassets in Resources */ = {isa = PBXBuildFile; fileRef = 1A094AF7281A40B400E69DF4 /* Preview Assets.xcassets */; };
		1A094B02281A40B400E69DF4 /* KalkulaShoppingTests.swift in Sources */ = {isa = PBXBuildFile; fileRef = 1A094B01281A40B400E69DF4 /* KalkulaShoppingTests.swift */; };
		1A094B0C281A40B400E69DF4 /* KalkulaShoppingUITests.swift in Sources */ = {isa = PBXBuildFile; fileRef = 1A094B0B281A40B400E69DF4 /* KalkulaShoppingUITests.swift */; };
		1A094B0E281A40B400E69DF4 /* KalkulaShoppingUITestsLaunchTests.swift in Sources */ = {isa = PBXBuildFile; fileRef = 1A094B0D281A40B400E69DF4 /* KalkulaShoppingUITestsLaunchTests.swift */; };
		1A094B22281A481500E69DF4 /* Item.swift in Sources */ = {isa = PBXBuildFile; fileRef = 1A094B21281A481500E69DF4 /* Item.swift */; };
		1A094B28281A4CC700E69DF4 /* AddItemView.swift in Sources */ = {isa = PBXBuildFile; fileRef = 1A094B27281A4CC700E69DF4 /* AddItemView.swift */; };
		1A3A01BD282DEF9900A97DBB /* EditNoteView.swift in Sources */ = {isa = PBXBuildFile; fileRef = 1A3A01BC282DEF9900A97DBB /* EditNoteView.swift */; };
		1A724D852835EB5900DF5C1F /* KalkulaShopDB.xcdatamodeld in Sources */ = {isa = PBXBuildFile; fileRef = 1A724D832835EB5900DF5C1F /* KalkulaShopDB.xcdatamodeld */; };
		1A724D872835F1E300DF5C1F /* Persistence.swift in Sources */ = {isa = PBXBuildFile; fileRef = 1A724D862835F1E300DF5C1F /* Persistence.swift */; };
		1A724D8C2836009300DF5C1F /* Note+CoreDataClass.swift in Sources */ = {isa = PBXBuildFile; fileRef = 1A724D882836009300DF5C1F /* Note+CoreDataClass.swift */; };
		1A724D8D2836009300DF5C1F /* Note+CoreDataProperties.swift in Sources */ = {isa = PBXBuildFile; fileRef = 1A724D892836009300DF5C1F /* Note+CoreDataProperties.swift */; };
		1A724D8E2836009300DF5C1F /* Item+CoreDataClass.swift in Sources */ = {isa = PBXBuildFile; fileRef = 1A724D8A2836009300DF5C1F /* Item+CoreDataClass.swift */; };
		1A724D8F2836009300DF5C1F /* Item+CoreDataProperties.swift in Sources */ = {isa = PBXBuildFile; fileRef = 1A724D8B2836009300DF5C1F /* Item+CoreDataProperties.swift */; };
		1A928F54282B61DE00DB0A96 /* DetailNoteView.swift in Sources */ = {isa = PBXBuildFile; fileRef = 1A928F53282B61DE00DB0A96 /* DetailNoteView.swift */; };
		1A928F56282B697A00DB0A96 /* DetailNoteItemRowView.swift in Sources */ = {isa = PBXBuildFile; fileRef = 1A928F55282B697A00DB0A96 /* DetailNoteItemRowView.swift */; };
		1A928F58282B6A4700DB0A96 /* DetailNoteItemListView.swift in Sources */ = {isa = PBXBuildFile; fileRef = 1A928F57282B6A4700DB0A96 /* DetailNoteItemListView.swift */; };
		1A928F5A282B721400DB0A96 /* ItemViewModel.swift in Sources */ = {isa = PBXBuildFile; fileRef = 1A928F59282B721400DB0A96 /* ItemViewModel.swift */; };
		1A92E6322828B31800004895 /* Note.swift in Sources */ = {isa = PBXBuildFile; fileRef = 1A92E6312828B31800004895 /* Note.swift */; };
		1A92E6342828B35F00004895 /* ModelData.swift in Sources */ = {isa = PBXBuildFile; fileRef = 1A92E6332828B35F00004895 /* ModelData.swift */; };
		1A92E6362828B86700004895 /* NoteListView.swift in Sources */ = {isa = PBXBuildFile; fileRef = 1A92E6352828B86700004895 /* NoteListView.swift */; };
		1A92E6382828BB5100004895 /* NoteRowView.swift in Sources */ = {isa = PBXBuildFile; fileRef = 1A92E6372828BB5100004895 /* NoteRowView.swift */; };
		1A92E63B2828C16B00004895 /* NewNoteView.swift in Sources */ = {isa = PBXBuildFile; fileRef = 1A92E63A2828C16B00004895 /* NewNoteView.swift */; };
		1A92E63D2828CBEF00004895 /* NoteViewModel.swift in Sources */ = {isa = PBXBuildFile; fileRef = 1A92E63C2828CBEF00004895 /* NoteViewModel.swift */; };
/* End PBXBuildFile section */

/* Begin PBXContainerItemProxy section */
		1A094AFE281A40B400E69DF4 /* PBXContainerItemProxy */ = {
			isa = PBXContainerItemProxy;
			containerPortal = 1A094AE5281A40B300E69DF4 /* Project object */;
			proxyType = 1;
			remoteGlobalIDString = 1A094AEC281A40B300E69DF4;
			remoteInfo = KalkulaShopping;
		};
		1A094B08281A40B400E69DF4 /* PBXContainerItemProxy */ = {
			isa = PBXContainerItemProxy;
			containerPortal = 1A094AE5281A40B300E69DF4 /* Project object */;
			proxyType = 1;
			remoteGlobalIDString = 1A094AEC281A40B300E69DF4;
			remoteInfo = KalkulaShopping;
		};
/* End PBXContainerItemProxy section */

/* Begin PBXFileReference section */
		1A094AED281A40B300E69DF4 /* KalkulaShopping.app */ = {isa = PBXFileReference; explicitFileType = wrapper.application; includeInIndex = 0; path = KalkulaShopping.app; sourceTree = BUILT_PRODUCTS_DIR; };
		1A094AF0281A40B300E69DF4 /* KalkulaShoppingApp.swift */ = {isa = PBXFileReference; lastKnownFileType = sourcecode.swift; path = KalkulaShoppingApp.swift; sourceTree = "<group>"; };
		1A094AF2281A40B300E69DF4 /* HomeView.swift */ = {isa = PBXFileReference; lastKnownFileType = sourcecode.swift; path = HomeView.swift; sourceTree = "<group>"; };
		1A094AF4281A40B400E69DF4 /* Assets.xcassets */ = {isa = PBXFileReference; lastKnownFileType = folder.assetcatalog; path = Assets.xcassets; sourceTree = "<group>"; };
		1A094AF7281A40B400E69DF4 /* Preview Assets.xcassets */ = {isa = PBXFileReference; lastKnownFileType = folder.assetcatalog; path = "Preview Assets.xcassets"; sourceTree = "<group>"; };
		1A094AFD281A40B400E69DF4 /* KalkulaShoppingTests.xctest */ = {isa = PBXFileReference; explicitFileType = wrapper.cfbundle; includeInIndex = 0; path = KalkulaShoppingTests.xctest; sourceTree = BUILT_PRODUCTS_DIR; };
		1A094B01281A40B400E69DF4 /* KalkulaShoppingTests.swift */ = {isa = PBXFileReference; lastKnownFileType = sourcecode.swift; path = KalkulaShoppingTests.swift; sourceTree = "<group>"; };
		1A094B07281A40B400E69DF4 /* KalkulaShoppingUITests.xctest */ = {isa = PBXFileReference; explicitFileType = wrapper.cfbundle; includeInIndex = 0; path = KalkulaShoppingUITests.xctest; sourceTree = BUILT_PRODUCTS_DIR; };
		1A094B0B281A40B400E69DF4 /* KalkulaShoppingUITests.swift */ = {isa = PBXFileReference; lastKnownFileType = sourcecode.swift; path = KalkulaShoppingUITests.swift; sourceTree = "<group>"; };
		1A094B0D281A40B400E69DF4 /* KalkulaShoppingUITestsLaunchTests.swift */ = {isa = PBXFileReference; lastKnownFileType = sourcecode.swift; path = KalkulaShoppingUITestsLaunchTests.swift; sourceTree = "<group>"; };
		1A094B21281A481500E69DF4 /* Item.swift */ = {isa = PBXFileReference; lastKnownFileType = sourcecode.swift; path = Item.swift; sourceTree = "<group>"; };
		1A094B27281A4CC700E69DF4 /* AddItemView.swift */ = {isa = PBXFileReference; lastKnownFileType = sourcecode.swift; path = AddItemView.swift; sourceTree = "<group>"; };
		1A3A01BC282DEF9900A97DBB /* EditNoteView.swift */ = {isa = PBXFileReference; lastKnownFileType = sourcecode.swift; path = EditNoteView.swift; sourceTree = "<group>"; };
		1A724D842835EB5900DF5C1F /* KalkulaShopDB.xcdatamodel */ = {isa = PBXFileReference; lastKnownFileType = wrapper.xcdatamodel; path = KalkulaShopDB.xcdatamodel; sourceTree = "<group>"; };
		1A724D862835F1E300DF5C1F /* Persistence.swift */ = {isa = PBXFileReference; lastKnownFileType = sourcecode.swift; path = Persistence.swift; sourceTree = "<group>"; };
		1A724D882836009300DF5C1F /* Note+CoreDataClass.swift */ = {isa = PBXFileReference; lastKnownFileType = sourcecode.swift; path = "Note+CoreDataClass.swift"; sourceTree = "<group>"; };
		1A724D892836009300DF5C1F /* Note+CoreDataProperties.swift */ = {isa = PBXFileReference; lastKnownFileType = sourcecode.swift; path = "Note+CoreDataProperties.swift"; sourceTree = "<group>"; };
		1A724D8A2836009300DF5C1F /* Item+CoreDataClass.swift */ = {isa = PBXFileReference; lastKnownFileType = sourcecode.swift; path = "Item+CoreDataClass.swift"; sourceTree = "<group>"; };
		1A724D8B2836009300DF5C1F /* Item+CoreDataProperties.swift */ = {isa = PBXFileReference; lastKnownFileType = sourcecode.swift; path = "Item+CoreDataProperties.swift"; sourceTree = "<group>"; };
		1A928F53282B61DE00DB0A96 /* DetailNoteView.swift */ = {isa = PBXFileReference; lastKnownFileType = sourcecode.swift; path = DetailNoteView.swift; sourceTree = "<group>"; };
		1A928F55282B697A00DB0A96 /* DetailNoteItemRowView.swift */ = {isa = PBXFileReference; lastKnownFileType = sourcecode.swift; path = DetailNoteItemRowView.swift; sourceTree = "<group>"; };
		1A928F57282B6A4700DB0A96 /* DetailNoteItemListView.swift */ = {isa = PBXFileReference; lastKnownFileType = sourcecode.swift; path = DetailNoteItemListView.swift; sourceTree = "<group>"; };
		1A928F59282B721400DB0A96 /* ItemViewModel.swift */ = {isa = PBXFileReference; lastKnownFileType = sourcecode.swift; path = ItemViewModel.swift; sourceTree = "<group>"; };
		1A92E6312828B31800004895 /* Note.swift */ = {isa = PBXFileReference; lastKnownFileType = sourcecode.swift; path = Note.swift; sourceTree = "<group>"; };
		1A92E6332828B35F00004895 /* ModelData.swift */ = {isa = PBXFileReference; lastKnownFileType = sourcecode.swift; path = ModelData.swift; sourceTree = "<group>"; };
		1A92E6352828B86700004895 /* NoteListView.swift */ = {isa = PBXFileReference; lastKnownFileType = sourcecode.swift; path = NoteListView.swift; sourceTree = "<group>"; };
		1A92E6372828BB5100004895 /* NoteRowView.swift */ = {isa = PBXFileReference; lastKnownFileType = sourcecode.swift; path = NoteRowView.swift; sourceTree = "<group>"; };
		1A92E63A2828C16B00004895 /* NewNoteView.swift */ = {isa = PBXFileReference; lastKnownFileType = sourcecode.swift; path = NewNoteView.swift; sourceTree = "<group>"; };
		1A92E63C2828CBEF00004895 /* NoteViewModel.swift */ = {isa = PBXFileReference; lastKnownFileType = sourcecode.swift; path = NoteViewModel.swift; sourceTree = "<group>"; };
/* End PBXFileReference section */

/* Begin PBXFrameworksBuildPhase section */
		1A094AEA281A40B300E69DF4 /* Frameworks */ = {
			isa = PBXFrameworksBuildPhase;
			buildActionMask = 2147483647;
			files = (
			);
			runOnlyForDeploymentPostprocessing = 0;
		};
		1A094AFA281A40B400E69DF4 /* Frameworks */ = {
			isa = PBXFrameworksBuildPhase;
			buildActionMask = 2147483647;
			files = (
			);
			runOnlyForDeploymentPostprocessing = 0;
		};
		1A094B04281A40B400E69DF4 /* Frameworks */ = {
			isa = PBXFrameworksBuildPhase;
			buildActionMask = 2147483647;
			files = (
			);
			runOnlyForDeploymentPostprocessing = 0;
		};
/* End PBXFrameworksBuildPhase section */

/* Begin PBXGroup section */
		1A094AE4281A40B300E69DF4 = {
			isa = PBXGroup;
			children = (
				1A094AEF281A40B300E69DF4 /* KalkulaShopping */,
				1A094B00281A40B400E69DF4 /* KalkulaShoppingTests */,
				1A094B0A281A40B400E69DF4 /* KalkulaShoppingUITests */,
				1A094AEE281A40B300E69DF4 /* Products */,
			);
			sourceTree = "<group>";
		};
		1A094AEE281A40B300E69DF4 /* Products */ = {
			isa = PBXGroup;
			children = (
				1A094AED281A40B300E69DF4 /* KalkulaShopping.app */,
				1A094AFD281A40B400E69DF4 /* KalkulaShoppingTests.xctest */,
				1A094B07281A40B400E69DF4 /* KalkulaShoppingUITests.xctest */,
			);
			name = Products;
			sourceTree = "<group>";
		};
		1A094AEF281A40B300E69DF4 /* KalkulaShopping */ = {
			isa = PBXGroup;
			children = (
				1A724D822835EB1F00DF5C1F /* Database */,
				1A094B1E281A476100E69DF4 /* Utilities */,
				1A094B1B281A470900E69DF4 /* Domains */,
				1A094B1A281A454E00E69DF4 /* Views */,
				1A094AF0281A40B300E69DF4 /* KalkulaShoppingApp.swift */,
				1A094AF4281A40B400E69DF4 /* Assets.xcassets */,
				1A094AF6281A40B400E69DF4 /* Preview Content */,
			);
			path = KalkulaShopping;
			sourceTree = "<group>";
		};
		1A094AF6281A40B400E69DF4 /* Preview Content */ = {
			isa = PBXGroup;
			children = (
				1A094AF7281A40B400E69DF4 /* Preview Assets.xcassets */,
			);
			path = "Preview Content";
			sourceTree = "<group>";
		};
		1A094B00281A40B400E69DF4 /* KalkulaShoppingTests */ = {
			isa = PBXGroup;
			children = (
				1A094B01281A40B400E69DF4 /* KalkulaShoppingTests.swift */,
			);
			path = KalkulaShoppingTests;
			sourceTree = "<group>";
		};
		1A094B0A281A40B400E69DF4 /* KalkulaShoppingUITests */ = {
			isa = PBXGroup;
			children = (
				1A094B0B281A40B400E69DF4 /* KalkulaShoppingUITests.swift */,
				1A094B0D281A40B400E69DF4 /* KalkulaShoppingUITestsLaunchTests.swift */,
			);
			path = KalkulaShoppingUITests;
			sourceTree = "<group>";
		};
		1A094B1A281A454E00E69DF4 /* Views */ = {
			isa = PBXGroup;
			children = (
				1A928F52282B61D200DB0A96 /* DetailNoteView */,
				1A92E6392828C15C00004895 /* NewNoteView */,
				1A094B26281A4CA300E69DF4 /* ItemView */,
				1A094B20281A479B00E69DF4 /* NoteView */,
				1A094B1F281A479100E69DF4 /* HomeView */,
			);
			path = Views;
			sourceTree = "<group>";
		};
		1A094B1B281A470900E69DF4 /* Domains */ = {
			isa = PBXGroup;
			children = (
				1A094B1D281A474300E69DF4 /* Repositories */,
				1A094B1C281A471200E69DF4 /* Models */,
			);
			path = Domains;
			sourceTree = "<group>";
		};
		1A094B1C281A471200E69DF4 /* Models */ = {
			isa = PBXGroup;
			children = (
				1A92E6332828B35F00004895 /* ModelData.swift */,
				1A92E6302828B30E00004895 /* Note */,
				1A094B23281A486800E69DF4 /* Item */,
			);
			path = Models;
			sourceTree = "<group>";
		};
		1A094B1D281A474300E69DF4 /* Repositories */ = {
			isa = PBXGroup;
			children = (
			);
			path = Repositories;
			sourceTree = "<group>";
		};
		1A094B1E281A476100E69DF4 /* Utilities */ = {
			isa = PBXGroup;
			children = (
			);
			path = Utilities;
			sourceTree = "<group>";
		};
		1A094B1F281A479100E69DF4 /* HomeView */ = {
			isa = PBXGroup;
			children = (
				1A094AF2281A40B300E69DF4 /* HomeView.swift */,
			);
			path = HomeView;
			sourceTree = "<group>";
		};
		1A094B20281A479B00E69DF4 /* NoteView */ = {
			isa = PBXGroup;
			children = (
				1A92E6352828B86700004895 /* NoteListView.swift */,
				1A92E6372828BB5100004895 /* NoteRowView.swift */,
			);
			path = NoteView;
			sourceTree = "<group>";
		};
		1A094B23281A486800E69DF4 /* Item */ = {
			isa = PBXGroup;
			children = (
				1A094B21281A481500E69DF4 /* Item.swift */,
				1A928F59282B721400DB0A96 /* ItemViewModel.swift */,
			);
			path = Item;
			sourceTree = "<group>";
		};
		1A094B26281A4CA300E69DF4 /* ItemView */ = {
			isa = PBXGroup;
			children = (
				1A094B27281A4CC700E69DF4 /* AddItemView.swift */,
			);
			path = ItemView;
			sourceTree = "<group>";
		};
		1A724D822835EB1F00DF5C1F /* Database */ = {
			isa = PBXGroup;
			children = (
				1A724D90283600A300DF5C1F /* Core Data */,
				1A724D832835EB5900DF5C1F /* KalkulaShopDB.xcdatamodeld */,
				1A724D862835F1E300DF5C1F /* Persistence.swift */,
			);
			path = Database;
			sourceTree = "<group>";
		};
		1A724D90283600A300DF5C1F /* Core Data */ = {
			isa = PBXGroup;
			children = (
				1A724D882836009300DF5C1F /* Note+CoreDataClass.swift */,
				1A724D892836009300DF5C1F /* Note+CoreDataProperties.swift */,
				1A724D8A2836009300DF5C1F /* Item+CoreDataClass.swift */,
				1A724D8B2836009300DF5C1F /* Item+CoreDataProperties.swift */,
			);
			path = "Core Data";
			sourceTree = "<group>";
		};
		1A928F52282B61D200DB0A96 /* DetailNoteView */ = {
			isa = PBXGroup;
			children = (
				1A928F53282B61DE00DB0A96 /* DetailNoteView.swift */,
				1A928F55282B697A00DB0A96 /* DetailNoteItemRowView.swift */,
				1A928F57282B6A4700DB0A96 /* DetailNoteItemListView.swift */,
			);
			path = DetailNoteView;
			sourceTree = "<group>";
		};
		1A92E6302828B30E00004895 /* Note */ = {
			isa = PBXGroup;
			children = (
				1A92E6312828B31800004895 /* Note.swift */,
				1A92E63C2828CBEF00004895 /* NoteViewModel.swift */,
			);
			path = Note;
			sourceTree = "<group>";
		};
		1A92E6392828C15C00004895 /* NewNoteView */ = {
			isa = PBXGroup;
			children = (
				1A92E63A2828C16B00004895 /* NewNoteView.swift */,
				1A3A01BC282DEF9900A97DBB /* EditNoteView.swift */,
			);
			path = NewNoteView;
			sourceTree = "<group>";
		};
/* End PBXGroup section */

/* Begin PBXNativeTarget section */
		1A094AEC281A40B300E69DF4 /* KalkulaShopping */ = {
			isa = PBXNativeTarget;
			buildConfigurationList = 1A094B11281A40B400E69DF4 /* Build configuration list for PBXNativeTarget "KalkulaShopping" */;
			buildPhases = (
				1A094AE9281A40B300E69DF4 /* Sources */,
				1A094AEA281A40B300E69DF4 /* Frameworks */,
				1A094AEB281A40B300E69DF4 /* Resources */,
			);
			buildRules = (
			);
			dependencies = (
			);
			name = KalkulaShopping;
			productName = KalkulaShopping;
			productReference = 1A094AED281A40B300E69DF4 /* KalkulaShopping.app */;
			productType = "com.apple.product-type.application";
		};
		1A094AFC281A40B400E69DF4 /* KalkulaShoppingTests */ = {
			isa = PBXNativeTarget;
			buildConfigurationList = 1A094B14281A40B400E69DF4 /* Build configuration list for PBXNativeTarget "KalkulaShoppingTests" */;
			buildPhases = (
				1A094AF9281A40B400E69DF4 /* Sources */,
				1A094AFA281A40B400E69DF4 /* Frameworks */,
				1A094AFB281A40B400E69DF4 /* Resources */,
			);
			buildRules = (
			);
			dependencies = (
				1A094AFF281A40B400E69DF4 /* PBXTargetDependency */,
			);
			name = KalkulaShoppingTests;
			productName = KalkulaShoppingTests;
			productReference = 1A094AFD281A40B400E69DF4 /* KalkulaShoppingTests.xctest */;
			productType = "com.apple.product-type.bundle.unit-test";
		};
		1A094B06281A40B400E69DF4 /* KalkulaShoppingUITests */ = {
			isa = PBXNativeTarget;
			buildConfigurationList = 1A094B17281A40B400E69DF4 /* Build configuration list for PBXNativeTarget "KalkulaShoppingUITests" */;
			buildPhases = (
				1A094B03281A40B400E69DF4 /* Sources */,
				1A094B04281A40B400E69DF4 /* Frameworks */,
				1A094B05281A40B400E69DF4 /* Resources */,
			);
			buildRules = (
			);
			dependencies = (
				1A094B09281A40B400E69DF4 /* PBXTargetDependency */,
			);
			name = KalkulaShoppingUITests;
			productName = KalkulaShoppingUITests;
			productReference = 1A094B07281A40B400E69DF4 /* KalkulaShoppingUITests.xctest */;
			productType = "com.apple.product-type.bundle.ui-testing";
		};
/* End PBXNativeTarget section */

/* Begin PBXProject section */
		1A094AE5281A40B300E69DF4 /* Project object */ = {
			isa = PBXProject;
			attributes = {
				BuildIndependentTargetsInParallel = 1;
				LastSwiftUpdateCheck = 1320;
				LastUpgradeCheck = 1320;
				TargetAttributes = {
					1A094AEC281A40B300E69DF4 = {
						CreatedOnToolsVersion = 13.2.1;
					};
					1A094AFC281A40B400E69DF4 = {
						CreatedOnToolsVersion = 13.2.1;
						TestTargetID = 1A094AEC281A40B300E69DF4;
					};
					1A094B06281A40B400E69DF4 = {
						CreatedOnToolsVersion = 13.2.1;
						TestTargetID = 1A094AEC281A40B300E69DF4;
					};
				};
			};
			buildConfigurationList = 1A094AE8281A40B300E69DF4 /* Build configuration list for PBXProject "KalkulaShopping" */;
			compatibilityVersion = "Xcode 13.0";
			developmentRegion = en;
			hasScannedForEncodings = 0;
			knownRegions = (
				en,
				Base,
			);
			mainGroup = 1A094AE4281A40B300E69DF4;
			productRefGroup = 1A094AEE281A40B300E69DF4 /* Products */;
			projectDirPath = "";
			projectRoot = "";
			targets = (
				1A094AEC281A40B300E69DF4 /* KalkulaShopping */,
				1A094AFC281A40B400E69DF4 /* KalkulaShoppingTests */,
				1A094B06281A40B400E69DF4 /* KalkulaShoppingUITests */,
			);
		};
/* End PBXProject section */

/* Begin PBXResourcesBuildPhase section */
		1A094AEB281A40B300E69DF4 /* Resources */ = {
			isa = PBXResourcesBuildPhase;
			buildActionMask = 2147483647;
			files = (
				1A094AF8281A40B400E69DF4 /* Preview Assets.xcassets in Resources */,
				1A094AF5281A40B400E69DF4 /* Assets.xcassets in Resources */,
			);
			runOnlyForDeploymentPostprocessing = 0;
		};
		1A094AFB281A40B400E69DF4 /* Resources */ = {
			isa = PBXResourcesBuildPhase;
			buildActionMask = 2147483647;
			files = (
			);
			runOnlyForDeploymentPostprocessing = 0;
		};
		1A094B05281A40B400E69DF4 /* Resources */ = {
			isa = PBXResourcesBuildPhase;
			buildActionMask = 2147483647;
			files = (
			);
			runOnlyForDeploymentPostprocessing = 0;
		};
/* End PBXResourcesBuildPhase section */

/* Begin PBXSourcesBuildPhase section */
		1A094AE9281A40B300E69DF4 /* Sources */ = {
			isa = PBXSourcesBuildPhase;
			buildActionMask = 2147483647;
			files = (
				1A724D8F2836009300DF5C1F /* Item+CoreDataProperties.swift in Sources */,
				1A92E6342828B35F00004895 /* ModelData.swift in Sources */,
				1A094AF3281A40B300E69DF4 /* HomeView.swift in Sources */,
				1A724D872835F1E300DF5C1F /* Persistence.swift in Sources */,
				1A928F58282B6A4700DB0A96 /* DetailNoteItemListView.swift in Sources */,
				1A92E63D2828CBEF00004895 /* NoteViewModel.swift in Sources */,
				1A92E6362828B86700004895 /* NoteListView.swift in Sources */,
				1A92E63B2828C16B00004895 /* NewNoteView.swift in Sources */,
				1A92E6322828B31800004895 /* Note.swift in Sources */,
				1A724D852835EB5900DF5C1F /* KalkulaShopDB.xcdatamodeld in Sources */,
				1A928F5A282B721400DB0A96 /* ItemViewModel.swift in Sources */,
				1A724D8E2836009300DF5C1F /* Item+CoreDataClass.swift in Sources */,
				1A928F54282B61DE00DB0A96 /* DetailNoteView.swift in Sources */,
				1A094B22281A481500E69DF4 /* Item.swift in Sources */,
				1A724D8D2836009300DF5C1F /* Note+CoreDataProperties.swift in Sources */,
				1A928F56282B697A00DB0A96 /* DetailNoteItemRowView.swift in Sources */,
				1A92E6382828BB5100004895 /* NoteRowView.swift in Sources */,
				1A094B28281A4CC700E69DF4 /* AddItemView.swift in Sources */,
				1A724D8C2836009300DF5C1F /* Note+CoreDataClass.swift in Sources */,
				1A3A01BD282DEF9900A97DBB /* EditNoteView.swift in Sources */,
				1A094AF1281A40B300E69DF4 /* KalkulaShoppingApp.swift in Sources */,
			);
			runOnlyForDeploymentPostprocessing = 0;
		};
		1A094AF9281A40B400E69DF4 /* Sources */ = {
			isa = PBXSourcesBuildPhase;
			buildActionMask = 2147483647;
			files = (
				1A094B02281A40B400E69DF4 /* KalkulaShoppingTests.swift in Sources */,
			);
			runOnlyForDeploymentPostprocessing = 0;
		};
		1A094B03281A40B400E69DF4 /* Sources */ = {
			isa = PBXSourcesBuildPhase;
			buildActionMask = 2147483647;
			files = (
				1A094B0E281A40B400E69DF4 /* KalkulaShoppingUITestsLaunchTests.swift in Sources */,
				1A094B0C281A40B400E69DF4 /* KalkulaShoppingUITests.swift in Sources */,
			);
			runOnlyForDeploymentPostprocessing = 0;
		};
/* End PBXSourcesBuildPhase section */

/* Begin PBXTargetDependency section */
		1A094AFF281A40B400E69DF4 /* PBXTargetDependency */ = {
			isa = PBXTargetDependency;
			target = 1A094AEC281A40B300E69DF4 /* KalkulaShopping */;
			targetProxy = 1A094AFE281A40B400E69DF4 /* PBXContainerItemProxy */;
		};
		1A094B09281A40B400E69DF4 /* PBXTargetDependency */ = {
			isa = PBXTargetDependency;
			target = 1A094AEC281A40B300E69DF4 /* KalkulaShopping */;
			targetProxy = 1A094B08281A40B400E69DF4 /* PBXContainerItemProxy */;
		};
/* End PBXTargetDependency section */

/* Begin XCBuildConfiguration section */
		1A094B0F281A40B400E69DF4 /* Debug */ = {
			isa = XCBuildConfiguration;
			buildSettings = {
				ALWAYS_SEARCH_USER_PATHS = NO;
				CLANG_ANALYZER_NONNULL = YES;
				CLANG_ANALYZER_NUMBER_OBJECT_CONVERSION = YES_AGGRESSIVE;
				CLANG_CXX_LANGUAGE_STANDARD = "gnu++17";
				CLANG_CXX_LIBRARY = "libc++";
				CLANG_ENABLE_MODULES = YES;
				CLANG_ENABLE_OBJC_ARC = YES;
				CLANG_ENABLE_OBJC_WEAK = YES;
				CLANG_WARN_BLOCK_CAPTURE_AUTORELEASING = YES;
				CLANG_WARN_BOOL_CONVERSION = YES;
				CLANG_WARN_COMMA = YES;
				CLANG_WARN_CONSTANT_CONVERSION = YES;
				CLANG_WARN_DEPRECATED_OBJC_IMPLEMENTATIONS = YES;
				CLANG_WARN_DIRECT_OBJC_ISA_USAGE = YES_ERROR;
				CLANG_WARN_DOCUMENTATION_COMMENTS = YES;
				CLANG_WARN_EMPTY_BODY = YES;
				CLANG_WARN_ENUM_CONVERSION = YES;
				CLANG_WARN_INFINITE_RECURSION = YES;
				CLANG_WARN_INT_CONVERSION = YES;
				CLANG_WARN_NON_LITERAL_NULL_CONVERSION = YES;
				CLANG_WARN_OBJC_IMPLICIT_RETAIN_SELF = YES;
				CLANG_WARN_OBJC_LITERAL_CONVERSION = YES;
				CLANG_WARN_OBJC_ROOT_CLASS = YES_ERROR;
				CLANG_WARN_QUOTED_INCLUDE_IN_FRAMEWORK_HEADER = YES;
				CLANG_WARN_RANGE_LOOP_ANALYSIS = YES;
				CLANG_WARN_STRICT_PROTOTYPES = YES;
				CLANG_WARN_SUSPICIOUS_MOVE = YES;
				CLANG_WARN_UNGUARDED_AVAILABILITY = YES_AGGRESSIVE;
				CLANG_WARN_UNREACHABLE_CODE = YES;
				CLANG_WARN__DUPLICATE_METHOD_MATCH = YES;
				COPY_PHASE_STRIP = NO;
				DEBUG_INFORMATION_FORMAT = dwarf;
				ENABLE_STRICT_OBJC_MSGSEND = YES;
				ENABLE_TESTABILITY = YES;
				GCC_C_LANGUAGE_STANDARD = gnu11;
				GCC_DYNAMIC_NO_PIC = NO;
				GCC_NO_COMMON_BLOCKS = YES;
				GCC_OPTIMIZATION_LEVEL = 0;
				GCC_PREPROCESSOR_DEFINITIONS = (
					"DEBUG=1",
					"$(inherited)",
				);
				GCC_WARN_64_TO_32_BIT_CONVERSION = YES;
				GCC_WARN_ABOUT_RETURN_TYPE = YES_ERROR;
				GCC_WARN_UNDECLARED_SELECTOR = YES;
				GCC_WARN_UNINITIALIZED_AUTOS = YES_AGGRESSIVE;
				GCC_WARN_UNUSED_FUNCTION = YES;
				GCC_WARN_UNUSED_VARIABLE = YES;
				IPHONEOS_DEPLOYMENT_TARGET = 15.2;
				MTL_ENABLE_DEBUG_INFO = INCLUDE_SOURCE;
				MTL_FAST_MATH = YES;
				ONLY_ACTIVE_ARCH = YES;
				SDKROOT = iphoneos;
				SWIFT_ACTIVE_COMPILATION_CONDITIONS = DEBUG;
				SWIFT_OPTIMIZATION_LEVEL = "-Onone";
			};
			name = Debug;
		};
		1A094B10281A40B400E69DF4 /* Release */ = {
			isa = XCBuildConfiguration;
			buildSettings = {
				ALWAYS_SEARCH_USER_PATHS = NO;
				CLANG_ANALYZER_NONNULL = YES;
				CLANG_ANALYZER_NUMBER_OBJECT_CONVERSION = YES_AGGRESSIVE;
				CLANG_CXX_LANGUAGE_STANDARD = "gnu++17";
				CLANG_CXX_LIBRARY = "libc++";
				CLANG_ENABLE_MODULES = YES;
				CLANG_ENABLE_OBJC_ARC = YES;
				CLANG_ENABLE_OBJC_WEAK = YES;
				CLANG_WARN_BLOCK_CAPTURE_AUTORELEASING = YES;
				CLANG_WARN_BOOL_CONVERSION = YES;
				CLANG_WARN_COMMA = YES;
				CLANG_WARN_CONSTANT_CONVERSION = YES;
				CLANG_WARN_DEPRECATED_OBJC_IMPLEMENTATIONS = YES;
				CLANG_WARN_DIRECT_OBJC_ISA_USAGE = YES_ERROR;
				CLANG_WARN_DOCUMENTATION_COMMENTS = YES;
				CLANG_WARN_EMPTY_BODY = YES;
				CLANG_WARN_ENUM_CONVERSION = YES;
				CLANG_WARN_INFINITE_RECURSION = YES;
				CLANG_WARN_INT_CONVERSION = YES;
				CLANG_WARN_NON_LITERAL_NULL_CONVERSION = YES;
				CLANG_WARN_OBJC_IMPLICIT_RETAIN_SELF = YES;
				CLANG_WARN_OBJC_LITERAL_CONVERSION = YES;
				CLANG_WARN_OBJC_ROOT_CLASS = YES_ERROR;
				CLANG_WARN_QUOTED_INCLUDE_IN_FRAMEWORK_HEADER = YES;
				CLANG_WARN_RANGE_LOOP_ANALYSIS = YES;
				CLANG_WARN_STRICT_PROTOTYPES = YES;
				CLANG_WARN_SUSPICIOUS_MOVE = YES;
				CLANG_WARN_UNGUARDED_AVAILABILITY = YES_AGGRESSIVE;
				CLANG_WARN_UNREACHABLE_CODE = YES;
				CLANG_WARN__DUPLICATE_METHOD_MATCH = YES;
				COPY_PHASE_STRIP = NO;
				DEBUG_INFORMATION_FORMAT = "dwarf-with-dsym";
				ENABLE_NS_ASSERTIONS = NO;
				ENABLE_STRICT_OBJC_MSGSEND = YES;
				GCC_C_LANGUAGE_STANDARD = gnu11;
				GCC_NO_COMMON_BLOCKS = YES;
				GCC_WARN_64_TO_32_BIT_CONVERSION = YES;
				GCC_WARN_ABOUT_RETURN_TYPE = YES_ERROR;
				GCC_WARN_UNDECLARED_SELECTOR = YES;
				GCC_WARN_UNINITIALIZED_AUTOS = YES_AGGRESSIVE;
				GCC_WARN_UNUSED_FUNCTION = YES;
				GCC_WARN_UNUSED_VARIABLE = YES;
				IPHONEOS_DEPLOYMENT_TARGET = 15.2;
				MTL_ENABLE_DEBUG_INFO = NO;
				MTL_FAST_MATH = YES;
				SDKROOT = iphoneos;
				SWIFT_COMPILATION_MODE = wholemodule;
				SWIFT_OPTIMIZATION_LEVEL = "-O";
				VALIDATE_PRODUCT = YES;
			};
			name = Release;
		};
		1A094B12281A40B400E69DF4 /* Debug */ = {
			isa = XCBuildConfiguration;
			buildSettings = {
				ASSETCATALOG_COMPILER_APPICON_NAME = AppIcon;
				ASSETCATALOG_COMPILER_GLOBAL_ACCENT_COLOR_NAME = AccentColor;
				CODE_SIGN_STYLE = Automatic;
				CURRENT_PROJECT_VERSION = 1;
				DEVELOPMENT_ASSET_PATHS = "\"KalkulaShopping/Preview Content\"";
				DEVELOPMENT_TEAM = P867Z2P62X;
				ENABLE_PREVIEWS = YES;
				GENERATE_INFOPLIST_FILE = YES;
				INFOPLIST_KEY_UIApplicationSceneManifest_Generation = YES;
				INFOPLIST_KEY_UIApplicationSupportsIndirectInputEvents = YES;
				INFOPLIST_KEY_UILaunchScreen_Generation = YES;
				INFOPLIST_KEY_UISupportedInterfaceOrientations_iPad = "UIInterfaceOrientationPortrait UIInterfaceOrientationPortraitUpsideDown UIInterfaceOrientationLandscapeLeft UIInterfaceOrientationLandscapeRight";
				INFOPLIST_KEY_UISupportedInterfaceOrientations_iPhone = "UIInterfaceOrientationPortrait UIInterfaceOrientationLandscapeLeft UIInterfaceOrientationLandscapeRight";
				LD_RUNPATH_SEARCH_PATHS = (
					"$(inherited)",
					"@executable_path/Frameworks",
				);
				MARKETING_VERSION = 1.0;
				PRODUCT_BUNDLE_IDENTIFIER = com.madebyhuda.KalkulaShopping;
				PRODUCT_NAME = "$(TARGET_NAME)";
				SWIFT_EMIT_LOC_STRINGS = YES;
				SWIFT_VERSION = 5.0;
				TARGETED_DEVICE_FAMILY = "1,2";
			};
			name = Debug;
		};
		1A094B13281A40B400E69DF4 /* Release */ = {
			isa = XCBuildConfiguration;
			buildSettings = {
				ASSETCATALOG_COMPILER_APPICON_NAME = AppIcon;
				ASSETCATALOG_COMPILER_GLOBAL_ACCENT_COLOR_NAME = AccentColor;
				CODE_SIGN_STYLE = Automatic;
				CURRENT_PROJECT_VERSION = 1;
				DEVELOPMENT_ASSET_PATHS = "\"KalkulaShopping/Preview Content\"";
				DEVELOPMENT_TEAM = P867Z2P62X;
				ENABLE_PREVIEWS = YES;
				GENERATE_INFOPLIST_FILE = YES;
				INFOPLIST_KEY_UIApplicationSceneManifest_Generation = YES;
				INFOPLIST_KEY_UIApplicationSupportsIndirectInputEvents = YES;
				INFOPLIST_KEY_UILaunchScreen_Generation = YES;
				INFOPLIST_KEY_UISupportedInterfaceOrientations_iPad = "UIInterfaceOrientationPortrait UIInterfaceOrientationPortraitUpsideDown UIInterfaceOrientationLandscapeLeft UIInterfaceOrientationLandscapeRight";
				INFOPLIST_KEY_UISupportedInterfaceOrientations_iPhone = "UIInterfaceOrientationPortrait UIInterfaceOrientationLandscapeLeft UIInterfaceOrientationLandscapeRight";
				LD_RUNPATH_SEARCH_PATHS = (
					"$(inherited)",
					"@executable_path/Frameworks",
				);
				MARKETING_VERSION = 1.0;
				PRODUCT_BUNDLE_IDENTIFIER = com.madebyhuda.KalkulaShopping;
				PRODUCT_NAME = "$(TARGET_NAME)";
				SWIFT_EMIT_LOC_STRINGS = YES;
				SWIFT_VERSION = 5.0;
				TARGETED_DEVICE_FAMILY = "1,2";
			};
			name = Release;
		};
		1A094B15281A40B400E69DF4 /* Debug */ = {
			isa = XCBuildConfiguration;
			buildSettings = {
				ALWAYS_EMBED_SWIFT_STANDARD_LIBRARIES = YES;
				BUNDLE_LOADER = "$(TEST_HOST)";
				CODE_SIGN_STYLE = Automatic;
				CURRENT_PROJECT_VERSION = 1;
				DEVELOPMENT_TEAM = P867Z2P62X;
				GENERATE_INFOPLIST_FILE = YES;
				IPHONEOS_DEPLOYMENT_TARGET = 15.2;
				MARKETING_VERSION = 1.0;
				PRODUCT_BUNDLE_IDENTIFIER = com.madebyhuda.KalkulaShoppingTests;
				PRODUCT_NAME = "$(TARGET_NAME)";
				SWIFT_EMIT_LOC_STRINGS = NO;
				SWIFT_VERSION = 5.0;
				TARGETED_DEVICE_FAMILY = "1,2";
				TEST_HOST = "$(BUILT_PRODUCTS_DIR)/KalkulaShopping.app/KalkulaShopping";
			};
			name = Debug;
		};
		1A094B16281A40B400E69DF4 /* Release */ = {
			isa = XCBuildConfiguration;
			buildSettings = {
				ALWAYS_EMBED_SWIFT_STANDARD_LIBRARIES = YES;
				BUNDLE_LOADER = "$(TEST_HOST)";
				CODE_SIGN_STYLE = Automatic;
				CURRENT_PROJECT_VERSION = 1;
				DEVELOPMENT_TEAM = P867Z2P62X;
				GENERATE_INFOPLIST_FILE = YES;
				IPHONEOS_DEPLOYMENT_TARGET = 15.2;
				MARKETING_VERSION = 1.0;
				PRODUCT_BUNDLE_IDENTIFIER = com.madebyhuda.KalkulaShoppingTests;
				PRODUCT_NAME = "$(TARGET_NAME)";
				SWIFT_EMIT_LOC_STRINGS = NO;
				SWIFT_VERSION = 5.0;
				TARGETED_DEVICE_FAMILY = "1,2";
				TEST_HOST = "$(BUILT_PRODUCTS_DIR)/KalkulaShopping.app/KalkulaShopping";
			};
			name = Release;
		};
		1A094B18281A40B400E69DF4 /* Debug */ = {
			isa = XCBuildConfiguration;
			buildSettings = {
				ALWAYS_EMBED_SWIFT_STANDARD_LIBRARIES = YES;
				CODE_SIGN_STYLE = Automatic;
				CURRENT_PROJECT_VERSION = 1;
				DEVELOPMENT_TEAM = P867Z2P62X;
				GENERATE_INFOPLIST_FILE = YES;
				MARKETING_VERSION = 1.0;
				PRODUCT_BUNDLE_IDENTIFIER = com.madebyhuda.KalkulaShoppingUITests;
				PRODUCT_NAME = "$(TARGET_NAME)";
				SWIFT_EMIT_LOC_STRINGS = NO;
				SWIFT_VERSION = 5.0;
				TARGETED_DEVICE_FAMILY = "1,2";
				TEST_TARGET_NAME = KalkulaShopping;
			};
			name = Debug;
		};
		1A094B19281A40B400E69DF4 /* Release */ = {
			isa = XCBuildConfiguration;
			buildSettings = {
				ALWAYS_EMBED_SWIFT_STANDARD_LIBRARIES = YES;
				CODE_SIGN_STYLE = Automatic;
				CURRENT_PROJECT_VERSION = 1;
				DEVELOPMENT_TEAM = P867Z2P62X;
				GENERATE_INFOPLIST_FILE = YES;
				MARKETING_VERSION = 1.0;
				PRODUCT_BUNDLE_IDENTIFIER = com.madebyhuda.KalkulaShoppingUITests;
				PRODUCT_NAME = "$(TARGET_NAME)";
				SWIFT_EMIT_LOC_STRINGS = NO;
				SWIFT_VERSION = 5.0;
				TARGETED_DEVICE_FAMILY = "1,2";
				TEST_TARGET_NAME = KalkulaShopping;
			};
			name = Release;
		};
/* End XCBuildConfiguration section */

/* Begin XCConfigurationList section */
		1A094AE8281A40B300E69DF4 /* Build configuration list for PBXProject "KalkulaShopping" */ = {
			isa = XCConfigurationList;
			buildConfigurations = (
				1A094B0F281A40B400E69DF4 /* Debug */,
				1A094B10281A40B400E69DF4 /* Release */,
			);
			defaultConfigurationIsVisible = 0;
			defaultConfigurationName = Release;
		};
		1A094B11281A40B400E69DF4 /* Build configuration list for PBXNativeTarget "KalkulaShopping" */ = {
			isa = XCConfigurationList;
			buildConfigurations = (
				1A094B12281A40B400E69DF4 /* Debug */,
				1A094B13281A40B400E69DF4 /* Release */,
			);
			defaultConfigurationIsVisible = 0;
			defaultConfigurationName = Release;
		};
		1A094B14281A40B400E69DF4 /* Build configuration list for PBXNativeTarget "KalkulaShoppingTests" */ = {
			isa = XCConfigurationList;
			buildConfigurations = (
				1A094B15281A40B400E69DF4 /* Debug */,
				1A094B16281A40B400E69DF4 /* Release */,
			);
			defaultConfigurationIsVisible = 0;
			defaultConfigurationName = Release;
		};
		1A094B17281A40B400E69DF4 /* Build configuration list for PBXNativeTarget "KalkulaShoppingUITests" */ = {
			isa = XCConfigurationList;
			buildConfigurations = (
				1A094B18281A40B400E69DF4 /* Debug */,
				1A094B19281A40B400E69DF4 /* Release */,
			);
			defaultConfigurationIsVisible = 0;
			defaultConfigurationName = Release;
		};
/* End XCConfigurationList section */

/* Begin XCVersionGroup section */
		1A724D832835EB5900DF5C1F /* KalkulaShopDB.xcdatamodeld */ = {
			isa = XCVersionGroup;
			children = (
				1A724D842835EB5900DF5C1F /* KalkulaShopDB.xcdatamodel */,
			);
			currentVersion = 1A724D842835EB5900DF5C1F /* KalkulaShopDB.xcdatamodel */;
			path = KalkulaShopDB.xcdatamodeld;
			sourceTree = "<group>";
			versionGroupType = wrapper.xcdatamodel;
		};
/* End XCVersionGroup section */
	};
	rootObject = 1A094AE5281A40B300E69DF4 /* Project object */;
}
