// !$*UTF8*$!
{
	archiveVersion = 1;
	classes = {
	};
	objectVersion = 55;
	objects = {

/* Begin PBXBuildFile section */
		1A094AF1281A40B300E69DF4 /* KalkulaShoppingApp.swift in Sources */ = {isa = PBXBuildFile; fileRef = 1A094AF0281A40B300E69DF4 /* KalkulaShoppingApp.swift */; };
		1A094AF3281A40B300E69DF4 /* ContentView.swift in Sources */ = {isa = PBXBuildFile; fileRef = 1A094AF2281A40B300E69DF4 /* ContentView.swift */; };
		1A094AF5281A40B400E69DF4 /* Assets.xcassets in Resources */ = {isa = PBXBuildFile; fileRef = 1A094AF4281A40B400E69DF4 /* Assets.xcassets */; };
		1A094AF8281A40B400E69DF4 /* Preview Assets.xcassets in Resources */ = {isa = PBXBuildFile; fileRef = 1A094AF7281A40B400E69DF4 /* Preview Assets.xcassets */; };
		1A094B02281A40B400E69DF4 /* KalkulaShoppingTests.swift in Sources */ = {isa = PBXBuildFile; fileRef = 1A094B01281A40B400E69DF4 /* KalkulaShoppingTests.swift */; };
		1A094B0C281A40B400E69DF4 /* KalkulaShoppingUITests.swift in Sources */ = {isa = PBXBuildFile; fileRef = 1A094B0B281A40B400E69DF4 /* KalkulaShoppingUITests.swift */; };
		1A094B0E281A40B400E69DF4 /* KalkulaShoppingUITestsLaunchTests.swift in Sources */ = {isa = PBXBuildFile; fileRef = 1A094B0D281A40B400E69DF4 /* KalkulaShoppingUITestsLaunchTests.swift */; };
/* End PBXBuildFile section */

/* Begin PBXContainerItemProxy section */
		1A094AFE281A40B400E69DF4 /* PBXContainerItemProxy */ = {
			isa = PBXContainerItemProxy;
			containerPortal = 1A094AE5281A40B300E69DF4 /* Project object */;
			proxyType = 1;
			remoteGlobalIDString = 1A094AEC281A40B300E69DF4;
			remoteInfo = KalkulaShopping;
		};
		1A094B08281A40B400E69DF4 /* PBXContainerItemProxy */ = {
			isa = PBXContainerItemProxy;
			containerPortal = 1A094AE5281A40B300E69DF4 /* Project object */;
			proxyType = 1;
			remoteGlobalIDString = 1A094AEC281A40B300E69DF4;
			remoteInfo = KalkulaShopping;
		};
/* End PBXContainerItemProxy section */

/* Begin PBXFileReference section */
		1A094AED281A40B300E69DF4 /* KalkulaShopping.app */ = {isa = PBXFileReference; explicitFileType = wrapper.application; includeInIndex = 0; path = KalkulaShopping.app; sourceTree = BUILT_PRODUCTS_DIR; };
		1A094AF0281A40B300E69DF4 /* KalkulaShoppingApp.swift */ = {isa = PBXFileReference; lastKnownFileType = sourcecode.swift; path = KalkulaShoppingApp.swift; sourceTree = "<group>"; };
		1A094AF2281A40B300E69DF4 /* ContentView.swift */ = {isa = PBXFileReference; lastKnownFileType = sourcecode.swift; path = ContentView.swift; sourceTree = "<group>"; };
		1A094AF4281A40B400E69DF4 /* Assets.xcassets */ = {isa = PBXFileReference; lastKnownFileType = folder.assetcatalog; path = Assets.xcassets; sourceTree = "<group>"; };
		1A094AF7281A40B400E69DF4 /* Preview Assets.xcassets */ = {isa = PBXFileReference; lastKnownFileType = folder.assetcatalog; path = "Preview Assets.xcassets"; sourceTree = "<group>"; };
		1A094AFD281A40B400E69DF4 /* KalkulaShoppingTests.xctest */ = {isa = PBXFileReference; explicitFileType = wrapper.cfbundle; includeInIndex = 0; path = KalkulaShoppingTests.xctest; sourceTree = BUILT_PRODUCTS_DIR; };
		1A094B01281A40B400E69DF4 /* KalkulaShoppingTests.swift */ = {isa = PBXFileReference; lastKnownFileType = sourcecode.swift; path = KalkulaShoppingTests.swift; sourceTree = "<group>"; };
		1A094B07281A40B400E69DF4 /* KalkulaShoppingUITests.xctest */ = {isa = PBXFileReference; explicitFileType = wrapper.cfbundle; includeInIndex = 0; path = KalkulaShoppingUITests.xctest; sourceTree = BUILT_PRODUCTS_DIR; };
		1A094B0B281A40B400E69DF4 /* KalkulaShoppingUITests.swift */ = {isa = PBXFileReference; lastKnownFileType = sourcecode.swift; path = KalkulaShoppingUITests.swift; sourceTree = "<group>"; };
		1A094B0D281A40B400E69DF4 /* KalkulaShoppingUITestsLaunchTests.swift */ = {isa = PBXFileReference; lastKnownFileType = sourcecode.swift; path = KalkulaShoppingUITestsLaunchTests.swift; sourceTree = "<group>"; };
/* End PBXFileReference section */

/* Begin PBXFrameworksBuildPhase section */
		1A094AEA281A40B300E69DF4 /* Frameworks */ = {
			isa = PBXFrameworksBuildPhase;
			buildActionMask = 2147483647;
			files = (
			);
			runOnlyForDeploymentPostprocessing = 0;
		};
		1A094AFA281A40B400E69DF4 /* Frameworks */ = {
			isa = PBXFrameworksBuildPhase;
			buildActionMask = 2147483647;
			files = (
			);
			runOnlyForDeploymentPostprocessing = 0;
		};
		1A094B04281A40B400E69DF4 /* Frameworks */ = {
			isa = PBXFrameworksBuildPhase;
			buildActionMask = 2147483647;
			files = (
			);
			runOnlyForDeploymentPostprocessing = 0;
		};
/* End PBXFrameworksBuildPhase section */

/* Begin PBXGroup section */
		1A094AE4281A40B300E69DF4 = {
			isa = PBXGroup;
			children = (
				1A094AEF281A40B300E69DF4 /* KalkulaShopping */,
				1A094B00281A40B400E69DF4 /* KalkulaShoppingTests */,
				1A094B0A281A40B400E69DF4 /* KalkulaShoppingUITests */,
				1A094AEE281A40B300E69DF4 /* Products */,
			);
			sourceTree = "<group>";
		};
		1A094AEE281A40B300E69DF4 /* Products */ = {
			isa = PBXGroup;
			children = (
				1A094AED281A40B300E69DF4 /* KalkulaShopping.app */,
				1A094AFD281A40B400E69DF4 /* KalkulaShoppingTests.xctest */,
				1A094B07281A40B400E69DF4 /* KalkulaShoppingUITests.xctest */,
			);
			name = Products;
			sourceTree = "<group>";
		};
		1A094AEF281A40B300E69DF4 /* KalkulaShopping */ = {
			isa = PBXGroup;
			children = (
				1A094AF0281A40B300E69DF4 /* KalkulaShoppingApp.swift */,
				1A094AF2281A40B300E69DF4 /* ContentView.swift */,
				1A094AF4281A40B400E69DF4 /* Assets.xcassets */,
				1A094AF6281A40B400E69DF4 /* Preview Content */,
			);
			path = KalkulaShopping;
			sourceTree = "<group>";
		};
		1A094AF6281A40B400E69DF4 /* Preview Content */ = {
			isa = PBXGroup;
			children = (
				1A094AF7281A40B400E69DF4 /* Preview Assets.xcassets */,
			);
			path = "Preview Content";
			sourceTree = "<group>";
		};
		1A094B00281A40B400E69DF4 /* KalkulaShoppingTests */ = {
			isa = PBXGroup;
			children = (
				1A094B01281A40B400E69DF4 /* KalkulaShoppingTests.swift */,
			);
			path = KalkulaShoppingTests;
			sourceTree = "<group>";
		};
		1A094B0A281A40B400E69DF4 /* KalkulaShoppingUITests */ = {
			isa = PBXGroup;
			children = (
				1A094B0B281A40B400E69DF4 /* KalkulaShoppingUITests.swift */,
				1A094B0D281A40B400E69DF4 /* KalkulaShoppingUITestsLaunchTests.swift */,
			);
			path = KalkulaShoppingUITests;
			sourceTree = "<group>";
		};
/* End PBXGroup section */

/* Begin PBXNativeTarget section */
		1A094AEC281A40B300E69DF4 /* KalkulaShopping */ = {
			isa = PBXNativeTarget;
			buildConfigurationList = 1A094B11281A40B400E69DF4 /* Build configuration list for PBXNativeTarget "KalkulaShopping" */;
			buildPhases = (
				1A094AE9281A40B300E69DF4 /* Sources */,
				1A094AEA281A40B300E69DF4 /* Frameworks */,
				1A094AEB281A40B300E69DF4 /* Resources */,
			);
			buildRules = (
			);
			dependencies = (
			);
			name = KalkulaShopping;
			productName = KalkulaShopping;
			productReference = 1A094AED281A40B300E69DF4 /* KalkulaShopping.app */;
			productType = "com.apple.product-type.application";
		};
		1A094AFC281A40B400E69DF4 /* KalkulaShoppingTests */ = {
			isa = PBXNativeTarget;
			buildConfigurationList = 1A094B14281A40B400E69DF4 /* Build configuration list for PBXNativeTarget "KalkulaShoppingTests" */;
			buildPhases = (
				1A094AF9281A40B400E69DF4 /* Sources */,
				1A094AFA281A40B400E69DF4 /* Frameworks */,
				1A094AFB281A40B400E69DF4 /* Resources */,
			);
			buildRules = (
			);
			dependencies = (
				1A094AFF281A40B400E69DF4 /* PBXTargetDependency */,
			);
			name = KalkulaShoppingTests;
			productName = KalkulaShoppingTests;
			productReference = 1A094AFD281A40B400E69DF4 /* KalkulaShoppingTests.xctest */;
			productType = "com.apple.product-type.bundle.unit-test";
		};
		1A094B06281A40B400E69DF4 /* KalkulaShoppingUITests */ = {
			isa = PBXNativeTarget;
			buildConfigurationList = 1A094B17281A40B400E69DF4 /* Build configuration list for PBXNativeTarget "KalkulaShoppingUITests" */;
			buildPhases = (
				1A094B03281A40B400E69DF4 /* Sources */,
				1A094B04281A40B400E69DF4 /* Frameworks */,
				1A094B05281A40B400E69DF4 /* Resources */,
			);
			buildRules = (
			);
			dependencies = (
				1A094B09281A40B400E69DF4 /* PBXTargetDependency */,
			);
			name = KalkulaShoppingUITests;
			productName = KalkulaShoppingUITests;
			productReference = 1A094B07281A40B400E69DF4 /* KalkulaShoppingUITests.xctest */;
			productType = "com.apple.product-type.bundle.ui-testing";
		};
/* End PBXNativeTarget section */

/* Begin PBXProject section */
		1A094AE5281A40B300E69DF4 /* Project object */ = {
			isa = PBXProject;
			attributes = {
				BuildIndependentTargetsInParallel = 1;
				LastSwiftUpdateCheck = 1320;
				LastUpgradeCheck = 1320;
				TargetAttributes = {
					1A094AEC281A40B300E69DF4 = {
						CreatedOnToolsVersion = 13.2.1;
					};
					1A094AFC281A40B400E69DF4 = {
						CreatedOnToolsVersion = 13.2.1;
						TestTargetID = 1A094AEC281A40B300E69DF4;
					};
					1A094B06281A40B400E69DF4 = {
						CreatedOnToolsVersion = 13.2.1;
						TestTargetID = 1A094AEC281A40B300E69DF4;
					};
				};
			};
			buildConfigurationList = 1A094AE8281A40B300E69DF4 /* Build configuration list for PBXProject "KalkulaShopping" */;
			compatibilityVersion = "Xcode 13.0";
			developmentRegion = en;
			hasScannedForEncodings = 0;
			knownRegions = (
				en,
				Base,
			);
			mainGroup = 1A094AE4281A40B300E69DF4;
			productRefGroup = 1A094AEE281A40B300E69DF4 /* Products */;
			projectDirPath = "";
			projectRoot = "";
			targets = (
				1A094AEC281A40B300E69DF4 /* KalkulaShopping */,
				1A094AFC281A40B400E69DF4 /* KalkulaShoppingTests */,
				1A094B06281A40B400E69DF4 /* KalkulaShoppingUITests */,
			);
		};
/* End PBXProject section */

/* Begin PBXResourcesBuildPhase section */
		1A094AEB281A40B300E69DF4 /* Resources */ = {
			isa = PBXResourcesBuildPhase;
			buildActionMask = 2147483647;
			files = (
				1A094AF8281A40B400E69DF4 /* Preview Assets.xcassets in Resources */,
				1A094AF5281A40B400E69DF4 /* Assets.xcassets in Resources */,
			);
			runOnlyForDeploymentPostprocessing = 0;
		};
		1A094AFB281A40B400E69DF4 /* Resources */ = {
			isa = PBXResourcesBuildPhase;
			buildActionMask = 2147483647;
			files = (
			);
			runOnlyForDeploymentPostprocessing = 0;
		};
		1A094B05281A40B400E69DF4 /* Resources */ = {
			isa = PBXResourcesBuildPhase;
			buildActionMask = 2147483647;
			files = (
			);
			runOnlyForDeploymentPostprocessing = 0;
		};
/* End PBXResourcesBuildPhase section */

/* Begin PBXSourcesBuildPhase section */
		1A094AE9281A40B300E69DF4 /* Sources */ = {
			isa = PBXSourcesBuildPhase;
			buildActionMask = 2147483647;
			files = (
				1A094AF3281A40B300E69DF4 /* ContentView.swift in Sources */,
				1A094AF1281A40B300E69DF4 /* KalkulaShoppingApp.swift in Sources */,
			);
			runOnlyForDeploymentPostprocessing = 0;
		};
		1A094AF9281A40B400E69DF4 /* Sources */ = {
			isa = PBXSourcesBuildPhase;
			buildActionMask = 2147483647;
			files = (
				1A094B02281A40B400E69DF4 /* KalkulaShoppingTests.swift in Sources */,
			);
			runOnlyForDeploymentPostprocessing = 0;
		};
		1A094B03281A40B400E69DF4 /* Sources */ = {
			isa = PBXSourcesBuildPhase;
			buildActionMask = 2147483647;
			files = (
				1A094B0E281A40B400E69DF4 /* KalkulaShoppingUITestsLaunchTests.swift in Sources */,
				1A094B0C281A40B400E69DF4 /* KalkulaShoppingUITests.swift in Sources */,
			);
			runOnlyForDeploymentPostprocessing = 0;
		};
/* End PBXSourcesBuildPhase section */

/* Begin PBXTargetDependency section */
		1A094AFF281A40B400E69DF4 /* PBXTargetDependency */ = {
			isa = PBXTargetDependency;
			target = 1A094AEC281A40B300E69DF4 /* KalkulaShopping */;
			targetProxy = 1A094AFE281A40B400E69DF4 /* PBXContainerItemProxy */;
		};
		1A094B09281A40B400E69DF4 /* PBXTargetDependency */ = {
			isa = PBXTargetDependency;
			target = 1A094AEC281A40B300E69DF4 /* KalkulaShopping */;
			targetProxy = 1A094B08281A40B400E69DF4 /* PBXContainerItemProxy */;
		};
/* End PBXTargetDependency section */

/* Begin XCBuildConfiguration section */
		1A094B0F281A40B400E69DF4 /* Debug */ = {
			isa = XCBuildConfiguration;
			buildSettings = {
				ALWAYS_SEARCH_USER_PATHS = NO;
				CLANG_ANALYZER_NONNULL = YES;
				CLANG_ANALYZER_NUMBER_OBJECT_CONVERSION = YES_AGGRESSIVE;
				CLANG_CXX_LANGUAGE_STANDARD = "gnu++17";
				CLANG_CXX_LIBRARY = "libc++";
				CLANG_ENABLE_MODULES = YES;
				CLANG_ENABLE_OBJC_ARC = YES;
				CLANG_ENABLE_OBJC_WEAK = YES;
				CLANG_WARN_BLOCK_CAPTURE_AUTORELEASING = YES;
				CLANG_WARN_BOOL_CONVERSION = YES;
				CLANG_WARN_COMMA = YES;
				CLANG_WARN_CONSTANT_CONVERSION = YES;
				CLANG_WARN_DEPRECATED_OBJC_IMPLEMENTATIONS = YES;
				CLANG_WARN_DIRECT_OBJC_ISA_USAGE = YES_ERROR;
				CLANG_WARN_DOCUMENTATION_COMMENTS = YES;
				CLANG_WARN_EMPTY_BODY = YES;
				CLANG_WARN_ENUM_CONVERSION = YES;
				CLANG_WARN_INFINITE_RECURSION = YES;
				CLANG_WARN_INT_CONVERSION = YES;
				CLANG_WARN_NON_LITERAL_NULL_CONVERSION = YES;
				CLANG_WARN_OBJC_IMPLICIT_RETAIN_SELF = YES;
				CLANG_WARN_OBJC_LITERAL_CONVERSION = YES;
				CLANG_WARN_OBJC_ROOT_CLASS = YES_ERROR;
				CLANG_WARN_QUOTED_INCLUDE_IN_FRAMEWORK_HEADER = YES;
				CLANG_WARN_RANGE_LOOP_ANALYSIS = YES;
				CLANG_WARN_STRICT_PROTOTYPES = YES;
				CLANG_WARN_SUSPICIOUS_MOVE = YES;
				CLANG_WARN_UNGUARDED_AVAILABILITY = YES_AGGRESSIVE;
				CLANG_WARN_UNREACHABLE_CODE = YES;
				CLANG_WARN__DUPLICATE_METHOD_MATCH = YES;
				COPY_PHASE_STRIP = NO;
				DEBUG_INFORMATION_FORMAT = dwarf;
				ENABLE_STRICT_OBJC_MSGSEND = YES;
				ENABLE_TESTABILITY = YES;
				GCC_C_LANGUAGE_STANDARD = gnu11;
				GCC_DYNAMIC_NO_PIC = NO;
				GCC_NO_COMMON_BLOCKS = YES;
				GCC_OPTIMIZATION_LEVEL = 0;
				GCC_PREPROCESSOR_DEFINITIONS = (
					"DEBUG=1",
					"$(inherited)",
				);
				GCC_WARN_64_TO_32_BIT_CONVERSION = YES;
				GCC_WARN_ABOUT_RETURN_TYPE = YES_ERROR;
				GCC_WARN_UNDECLARED_SELECTOR = YES;
				GCC_WARN_UNINITIALIZED_AUTOS = YES_AGGRESSIVE;
				GCC_WARN_UNUSED_FUNCTION = YES;
				GCC_WARN_UNUSED_VARIABLE = YES;
				IPHONEOS_DEPLOYMENT_TARGET = 15.2;
				MTL_ENABLE_DEBUG_INFO = INCLUDE_SOURCE;
				MTL_FAST_MATH = YES;
				ONLY_ACTIVE_ARCH = YES;
				SDKROOT = iphoneos;
				SWIFT_ACTIVE_COMPILATION_CONDITIONS = DEBUG;
				SWIFT_OPTIMIZATION_LEVEL = "-Onone";
			};
			name = Debug;
		};
		1A094B10281A40B400E69DF4 /* Release */ = {
			isa = XCBuildConfiguration;
			buildSettings = {
				ALWAYS_SEARCH_USER_PATHS = NO;
				CLANG_ANALYZER_NONNULL = YES;
				CLANG_ANALYZER_NUMBER_OBJECT_CONVERSION = YES_AGGRESSIVE;
				CLANG_CXX_LANGUAGE_STANDARD = "gnu++17";
				CLANG_CXX_LIBRARY = "libc++";
				CLANG_ENABLE_MODULES = YES;
				CLANG_ENABLE_OBJC_ARC = YES;
				CLANG_ENABLE_OBJC_WEAK = YES;
				CLANG_WARN_BLOCK_CAPTURE_AUTORELEASING = YES;
				CLANG_WARN_BOOL_CONVERSION = YES;
				CLANG_WARN_COMMA = YES;
				CLANG_WARN_CONSTANT_CONVERSION = YES;
				CLANG_WARN_DEPRECATED_OBJC_IMPLEMENTATIONS = YES;
				CLANG_WARN_DIRECT_OBJC_ISA_USAGE = YES_ERROR;
				CLANG_WARN_DOCUMENTATION_COMMENTS = YES;
				CLANG_WARN_EMPTY_BODY = YES;
				CLANG_WARN_ENUM_CONVERSION = YES;
				CLANG_WARN_INFINITE_RECURSION = YES;
				CLANG_WARN_INT_CONVERSION = YES;
				CLANG_WARN_NON_LITERAL_NULL_CONVERSION = YES;
				CLANG_WARN_OBJC_IMPLICIT_RETAIN_SELF = YES;
				CLANG_WARN_OBJC_LITERAL_CONVERSION = YES;
				CLANG_WARN_OBJC_ROOT_CLASS = YES_ERROR;
				CLANG_WARN_QUOTED_INCLUDE_IN_FRAMEWORK_HEADER = YES;
				CLANG_WARN_RANGE_LOOP_ANALYSIS = YES;
				CLANG_WARN_STRICT_PROTOTYPES = YES;
				CLANG_WARN_SUSPICIOUS_MOVE = YES;
				CLANG_WARN_UNGUARDED_AVAILABILITY = YES_AGGRESSIVE;
				CLANG_WARN_UNREACHABLE_CODE = YES;
				CLANG_WARN__DUPLICATE_METHOD_MATCH = YES;
				COPY_PHASE_STRIP = NO;
				DEBUG_INFORMATION_FORMAT = "dwarf-with-dsym";
				ENABLE_NS_ASSERTIONS = NO;
				ENABLE_STRICT_OBJC_MSGSEND = YES;
				GCC_C_LANGUAGE_STANDARD = gnu11;
				GCC_NO_COMMON_BLOCKS = YES;
				GCC_WARN_64_TO_32_BIT_CONVERSION = YES;
				GCC_WARN_ABOUT_RETURN_TYPE = YES_ERROR;
				GCC_WARN_UNDECLARED_SELECTOR = YES;
				GCC_WARN_UNINITIALIZED_AUTOS = YES_AGGRESSIVE;
				GCC_WARN_UNUSED_FUNCTION = YES;
				GCC_WARN_UNUSED_VARIABLE = YES;
				IPHONEOS_DEPLOYMENT_TARGET = 15.2;
				MTL_ENABLE_DEBUG_INFO = NO;
				MTL_FAST_MATH = YES;
				SDKROOT = iphoneos;
				SWIFT_COMPILATION_MODE = wholemodule;
				SWIFT_OPTIMIZATION_LEVEL = "-O";
				VALIDATE_PRODUCT = YES;
			};
			name = Release;
		};
		1A094B12281A40B400E69DF4 /* Debug */ = {
			isa = XCBuildConfiguration;
			buildSettings = {
				ASSETCATALOG_COMPILER_APPICON_NAME = AppIcon;
				ASSETCATALOG_COMPILER_GLOBAL_ACCENT_COLOR_NAME = AccentColor;
				CODE_SIGN_STYLE = Automatic;
				CURRENT_PROJECT_VERSION = 1;
				DEVELOPMENT_ASSET_PATHS = "\"KalkulaShopping/Preview Content\"";
				DEVELOPMENT_TEAM = P867Z2P62X;
				ENABLE_PREVIEWS = YES;
				GENERATE_INFOPLIST_FILE = YES;
				INFOPLIST_KEY_UIApplicationSceneManifest_Generation = YES;
				INFOPLIST_KEY_UIApplicationSupportsIndirectInputEvents = YES;
				INFOPLIST_KEY_UILaunchScreen_Generation = YES;
				INFOPLIST_KEY_UISupportedInterfaceOrientations_iPad = "UIInterfaceOrientationPortrait UIInterfaceOrientationPortraitUpsideDown UIInterfaceOrientationLandscapeLeft UIInterfaceOrientationLandscapeRight";
				INFOPLIST_KEY_UISupportedInterfaceOrientations_iPhone = "UIInterfaceOrientationPortrait UIInterfaceOrientationLandscapeLeft UIInterfaceOrientationLandscapeRight";
				LD_RUNPATH_SEARCH_PATHS = (
					"$(inherited)",
					"@executable_path/Frameworks",
				);
				MARKETING_VERSION = 1.0;
				PRODUCT_BUNDLE_IDENTIFIER = com.madebyhuda.KalkulaShopping;
				PRODUCT_NAME = "$(TARGET_NAME)";
				SWIFT_EMIT_LOC_STRINGS = YES;
				SWIFT_VERSION = 5.0;
				TARGETED_DEVICE_FAMILY = "1,2";
			};
			name = Debug;
		};
		1A094B13281A40B400E69DF4 /* Release */ = {
			isa = XCBuildConfiguration;
			buildSettings = {
				ASSETCATALOG_COMPILER_APPICON_NAME = AppIcon;
				ASSETCATALOG_COMPILER_GLOBAL_ACCENT_COLOR_NAME = AccentColor;
				CODE_SIGN_STYLE = Automatic;
				CURRENT_PROJECT_VERSION = 1;
				DEVELOPMENT_ASSET_PATHS = "\"KalkulaShopping/Preview Content\"";
				DEVELOPMENT_TEAM = P867Z2P62X;
				ENABLE_PREVIEWS = YES;
				GENERATE_INFOPLIST_FILE = YES;
				INFOPLIST_KEY_UIApplicationSceneManifest_Generation = YES;
				INFOPLIST_KEY_UIApplicationSupportsIndirectInputEvents = YES;
				INFOPLIST_KEY_UILaunchScreen_Generation = YES;
				INFOPLIST_KEY_UISupportedInterfaceOrientations_iPad = "UIInterfaceOrientationPortrait UIInterfaceOrientationPortraitUpsideDown UIInterfaceOrientationLandscapeLeft UIInterfaceOrientationLandscapeRight";
				INFOPLIST_KEY_UISupportedInterfaceOrientations_iPhone = "UIInterfaceOrientationPortrait UIInterfaceOrientationLandscapeLeft UIInterfaceOrientationLandscapeRight";
				LD_RUNPATH_SEARCH_PATHS = (
					"$(inherited)",
					"@executable_path/Frameworks",
				);
				MARKETING_VERSION = 1.0;
				PRODUCT_BUNDLE_IDENTIFIER = com.madebyhuda.KalkulaShopping;
				PRODUCT_NAME = "$(TARGET_NAME)";
				SWIFT_EMIT_LOC_STRINGS = YES;
				SWIFT_VERSION = 5.0;
				TARGETED_DEVICE_FAMILY = "1,2";
			};
			name = Release;
		};
		1A094B15281A40B400E69DF4 /* Debug */ = {
			isa = XCBuildConfiguration;
			buildSettings = {
				ALWAYS_EMBED_SWIFT_STANDARD_LIBRARIES = YES;
				BUNDLE_LOADER = "$(TEST_HOST)";
				CODE_SIGN_STYLE = Automatic;
				CURRENT_PROJECT_VERSION = 1;
				DEVELOPMENT_TEAM = P867Z2P62X;
				GENERATE_INFOPLIST_FILE = YES;
				IPHONEOS_DEPLOYMENT_TARGET = 15.2;
				MARKETING_VERSION = 1.0;
				PRODUCT_BUNDLE_IDENTIFIER = com.madebyhuda.KalkulaShoppingTests;
				PRODUCT_NAME = "$(TARGET_NAME)";
				SWIFT_EMIT_LOC_STRINGS = NO;
				SWIFT_VERSION = 5.0;
				TARGETED_DEVICE_FAMILY = "1,2";
				TEST_HOST = "$(BUILT_PRODUCTS_DIR)/KalkulaShopping.app/KalkulaShopping";
			};
			name = Debug;
		};
		1A094B16281A40B400E69DF4 /* Release */ = {
			isa = XCBuildConfiguration;
			buildSettings = {
				ALWAYS_EMBED_SWIFT_STANDARD_LIBRARIES = YES;
				BUNDLE_LOADER = "$(TEST_HOST)";
				CODE_SIGN_STYLE = Automatic;
				CURRENT_PROJECT_VERSION = 1;
				DEVELOPMENT_TEAM = P867Z2P62X;
				GENERATE_INFOPLIST_FILE = YES;
				IPHONEOS_DEPLOYMENT_TARGET = 15.2;
				MARKETING_VERSION = 1.0;
				PRODUCT_BUNDLE_IDENTIFIER = com.madebyhuda.KalkulaShoppingTests;
				PRODUCT_NAME = "$(TARGET_NAME)";
				SWIFT_EMIT_LOC_STRINGS = NO;
				SWIFT_VERSION = 5.0;
				TARGETED_DEVICE_FAMILY = "1,2";
				TEST_HOST = "$(BUILT_PRODUCTS_DIR)/KalkulaShopping.app/KalkulaShopping";
			};
			name = Release;
		};
		1A094B18281A40B400E69DF4 /* Debug */ = {
			isa = XCBuildConfiguration;
			buildSettings = {
				ALWAYS_EMBED_SWIFT_STANDARD_LIBRARIES = YES;
				CODE_SIGN_STYLE = Automatic;
				CURRENT_PROJECT_VERSION = 1;
				DEVELOPMENT_TEAM = P867Z2P62X;
				GENERATE_INFOPLIST_FILE = YES;
				MARKETING_VERSION = 1.0;
				PRODUCT_BUNDLE_IDENTIFIER = com.madebyhuda.KalkulaShoppingUITests;
				PRODUCT_NAME = "$(TARGET_NAME)";
				SWIFT_EMIT_LOC_STRINGS = NO;
				SWIFT_VERSION = 5.0;
				TARGETED_DEVICE_FAMILY = "1,2";
				TEST_TARGET_NAME = KalkulaShopping;
			};
			name = Debug;
		};
		1A094B19281A40B400E69DF4 /* Release */ = {
			isa = XCBuildConfiguration;
			buildSettings = {
				ALWAYS_EMBED_SWIFT_STANDARD_LIBRARIES = YES;
				CODE_SIGN_STYLE = Automatic;
				CURRENT_PROJECT_VERSION = 1;
				DEVELOPMENT_TEAM = P867Z2P62X;
				GENERATE_INFOPLIST_FILE = YES;
				MARKETING_VERSION = 1.0;
				PRODUCT_BUNDLE_IDENTIFIER = com.madebyhuda.KalkulaShoppingUITests;
				PRODUCT_NAME = "$(TARGET_NAME)";
				SWIFT_EMIT_LOC_STRINGS = NO;
				SWIFT_VERSION = 5.0;
				TARGETED_DEVICE_FAMILY = "1,2";
				TEST_TARGET_NAME = KalkulaShopping;
			};
			name = Release;
		};
/* End XCBuildConfiguration section */

/* Begin XCConfigurationList section */
		1A094AE8281A40B300E69DF4 /* Build configuration list for PBXProject "KalkulaShopping" */ = {
			isa = XCConfigurationList;
			buildConfigurations = (
				1A094B0F281A40B400E69DF4 /* Debug */,
				1A094B10281A40B400E69DF4 /* Release */,
			);
			defaultConfigurationIsVisible = 0;
			defaultConfigurationName = Release;
		};
		1A094B11281A40B400E69DF4 /* Build configuration list for PBXNativeTarget "KalkulaShopping" */ = {
			isa = XCConfigurationList;
			buildConfigurations = (
				1A094B12281A40B400E69DF4 /* Debug */,
				1A094B13281A40B400E69DF4 /* Release */,
			);
			defaultConfigurationIsVisible = 0;
			defaultConfigurationName = Release;
		};
		1A094B14281A40B400E69DF4 /* Build configuration list for PBXNativeTarget "KalkulaShoppingTests" */ = {
			isa = XCConfigurationList;
			buildConfigurations = (
				1A094B15281A40B400E69DF4 /* Debug */,
				1A094B16281A40B400E69DF4 /* Release */,
			);
			defaultConfigurationIsVisible = 0;
			defaultConfigurationName = Release;
		};
		1A094B17281A40B400E69DF4 /* Build configuration list for PBXNativeTarget "KalkulaShoppingUITests" */ = {
			isa = XCConfigurationList;
			buildConfigurations = (
				1A094B18281A40B400E69DF4 /* Debug */,
				1A094B19281A40B400E69DF4 /* Release */,
			);
			defaultConfigurationIsVisible = 0;
			defaultConfigurationName = Release;
		};
/* End XCConfigurationList section */
	};
	rootObject = 1A094AE5281A40B300E69DF4 /* Project object */;
}
